
Microsoft Visual Studio Solution File, Format Version 12.00
# Visual Studio Version 16
VisualStudioVersion = 16.0.30804.86
MinimumVisualStudioVersion = 10.0.40219.1
Project("{FAE04EC0-301F-11D3-BF4B-00C04F79EFBC}") = "ptn-generate-events", "ptn-generate-events\ptn-generate-events.csproj", "{F20E4228-9A5F-42E4-8461-75999FB8450B}"
EndProject
Global
	GlobalSection(SolutionConfigurationPlatforms) = preSolution
		Debug|Any CPU = Debug|Any CPU
		Release|Any CPU = Release|Any CPU
	EndGlobalSection
	GlobalSection(ProjectConfigurationPlatforms) = postSolution
		{F20E4228-9A5F-42E4-8461-75999FB8450B}.Debug|Any CPU.ActiveCfg = Debug|Any CPU
		{F20E4228-9A5F-42E4-8461-75999FB8450B}.Debug|Any CPU.Build.0 = Debug|Any CPU
		{F20E4228-9A5F-42E4-8461-75999FB8450B}.Release|Any CPU.ActiveCfg = Release|Any CPU
		{F20E4228-9A5F-42E4-8461-75999FB8450B}.Release|Any CPU.Build.0 = Release|Any CPU
	EndGlobalSection
	GlobalSection(SolutionProperties) = preSolution
		HideSolutionNode = FALSE
	EndGlobalSection
	GlobalSection(ExtensibilityGlobals) = postSolution
		SolutionGuid = {8C779D46-CEAE-40A6-84D2-CCD83285E37D}
	EndGlobalSection
EndGlobal
